
Microsoft Visual Studio Solution File, Format Version 12.00
# Visual Studio Version 16
VisualStudioVersion = 16.0.30717.126
MinimumVisualStudioVersion = 10.0.40219.1
Project("{FAE04EC0-301F-11D3-BF4B-00C04F79EFBC}") = "PerformanceTests", "PerformanceTests.csproj", "{DCFE7E11-5D6F-47B5-B633-D43753274C33}"
EndProject
Global
	GlobalSection(SolutionConfigurationPlatforms) = preSolution
		Debug|Any CPU = Debug|Any CPU
		Release|Any CPU = Release|Any CPU
	EndGlobalSection
	GlobalSection(ProjectConfigurationPlatforms) = postSolution
		{DCFE7E11-5D6F-47B5-B633-D43753274C33}.Debug|Any CPU.ActiveCfg = Debug|Any CPU
		{DCFE7E11-5D6F-47B5-B633-D43753274C33}.Debug|Any CPU.Build.0 = Debug|Any CPU
		{DCFE7E11-5D6F-47B5-B633-D43753274C33}.Release|Any CPU.ActiveCfg = Release|Any CPU
		{DCFE7E11-5D6F-47B5-B633-D43753274C33}.Release|Any CPU.Build.0 = Release|Any CPU
	EndGlobalSection
	GlobalSection(SolutionProperties) = preSolution
		HideSolutionNode = FALSE
	EndGlobalSection
	GlobalSection(ExtensibilityGlobals) = postSolution
		SolutionGuid = {649E947C-915E-495B-A81A-3B3ECAE7E0A4}
	EndGlobalSection
EndGlobal
